Microsoft Visual Studio Solution File, Format Version 12.00
# Visual Studio Version 17
VisualStudioVersion = 17.5.2.0
MinimumVisualStudioVersion = 10.0.40219.1
Project("{FAE04EC0-301F-11D3-BF4B-00C04F79EFBC}") = "Egenstudie", "Egenstudie.csproj", "{DCB48E15-56EA-97C5-C00E-5C9709D7B3C1}"
EndProject
Global
	GlobalSection(SolutionConfigurationPlatforms) = preSolution
		Debug|Any CPU = Debug|Any CPU
		Release|Any CPU = Release|Any CPU
	EndGlobalSection
	GlobalSection(ProjectConfigurationPlatforms) = postSolution
		{DCB48E15-56EA-97C5-C00E-5C9709D7B3C1}.Debug|Any CPU.ActiveCfg = Debug|Any CPU
		{DCB48E15-56EA-97C5-C00E-5C9709D7B3C1}.Debug|Any CPU.Build.0 = Debug|Any CPU
		{DCB48E15-56EA-97C5-C00E-5C9709D7B3C1}.Release|Any CPU.ActiveCfg = Release|Any CPU
		{DCB48E15-56EA-97C5-C00E-5C9709D7B3C1}.Release|Any CPU.Build.0 = Release|Any CPU
	EndGlobalSection
	GlobalSection(SolutionProperties) = preSolution
		HideSolutionNode = FALSE
	EndGlobalSection
	GlobalSection(ExtensibilityGlobals) = postSolution
		SolutionGuid = {2AFA0659-6C21-42C4-9815-579004DA7E3D}
	EndGlobalSection
EndGlobal
